
Microsoft Visual Studio Solution File, Format Version 12.00
# Visual Studio Version 17
VisualStudioVersion = 17.3.32819.101
MinimumVisualStudioVersion = 10.0.40219.1
Project("{FAE04EC0-301F-11D3-BF4B-00C04F79EFBC}") = "PictureBaiTap", "PictureBaiTap\PictureBaiTap.csproj", "{0E82F22E-849F-469D-93B5-722D5323FD7D}"
EndProject
Global
	GlobalSection(SolutionConfigurationPlatforms) = preSolution
		Debug|Any CPU = Debug|Any CPU
		Release|Any CPU = Release|Any CPU
	EndGlobalSection
	GlobalSection(ProjectConfigurationPlatforms) = postSolution
		{0E82F22E-849F-469D-93B5-722D5323FD7D}.Debug|Any CPU.ActiveCfg = Debug|Any CPU
		{0E82F22E-849F-469D-93B5-722D5323FD7D}.Debug|Any CPU.Build.0 = Debug|Any CPU
		{0E82F22E-849F-469D-93B5-722D5323FD7D}.Release|Any CPU.ActiveCfg = Release|Any CPU
		{0E82F22E-849F-469D-93B5-722D5323FD7D}.Release|Any CPU.Build.0 = Release|Any CPU
	EndGlobalSection
	GlobalSection(SolutionProperties) = preSolution
		HideSolutionNode = FALSE
	EndGlobalSection
	GlobalSection(ExtensibilityGlobals) = postSolution
		SolutionGuid = {373858E5-CB92-482A-B974-CA35D92E9E77}
	EndGlobalSection
EndGlobal
